
Microsoft Visual Studio Solution File, Format Version 12.00
# Visual Studio Version 17
VisualStudioVersion = 17.9.34728.123
MinimumVisualStudioVersion = 10.0.40219.1
Project("{9A19103F-16F7-4668-BE54-9A1E7A4F7556}") = "SiDePeTra-APPITSG", "SiDePeTra-APPITSG.csproj", "{69A4D790-F1AD-4147-B0BC-CA6470542687}"
EndProject
Project("{9A19103F-16F7-4668-BE54-9A1E7A4F7556}") = "SiDePeTra.BLL", "..\SiDePeTra.BLL\SiDePeTra.BLL.csproj", "{276AB423-9723-4237-97F8-1D1990A50F7D}"
EndProject
Project("{9A19103F-16F7-4668-BE54-9A1E7A4F7556}") = "SiDePeTra.DAL", "..\SiDePeTra.DAL\SiDePeTra.DAL.csproj", "{42B272B6-EE4E-403F-A7E5-5B17A0C258BE}"
EndProject
Global
	GlobalSection(SolutionConfigurationPlatforms) = preSolution
		Debug|Any CPU = Debug|Any CPU
		Release|Any CPU = Release|Any CPU
	EndGlobalSection
	GlobalSection(ProjectConfigurationPlatforms) = postSolution
		{69A4D790-F1AD-4147-B0BC-CA6470542687}.Debug|Any CPU.ActiveCfg = Debug|Any CPU
		{69A4D790-F1AD-4147-B0BC-CA6470542687}.Debug|Any CPU.Build.0 = Debug|Any CPU
		{69A4D790-F1AD-4147-B0BC-CA6470542687}.Debug|Any CPU.Deploy.0 = Debug|Any CPU
		{69A4D790-F1AD-4147-B0BC-CA6470542687}.Release|Any CPU.ActiveCfg = Release|Any CPU
		{69A4D790-F1AD-4147-B0BC-CA6470542687}.Release|Any CPU.Build.0 = Release|Any CPU
		{69A4D790-F1AD-4147-B0BC-CA6470542687}.Release|Any CPU.Deploy.0 = Release|Any CPU
		{276AB423-9723-4237-97F8-1D1990A50F7D}.Debug|Any CPU.ActiveCfg = Debug|Any CPU
		{276AB423-9723-4237-97F8-1D1990A50F7D}.Debug|Any CPU.Build.0 = Debug|Any CPU
		{276AB423-9723-4237-97F8-1D1990A50F7D}.Release|Any CPU.ActiveCfg = Release|Any CPU
		{276AB423-9723-4237-97F8-1D1990A50F7D}.Release|Any CPU.Build.0 = Release|Any CPU
		{42B272B6-EE4E-403F-A7E5-5B17A0C258BE}.Debug|Any CPU.ActiveCfg = Debug|Any CPU
		{42B272B6-EE4E-403F-A7E5-5B17A0C258BE}.Debug|Any CPU.Build.0 = Debug|Any CPU
		{42B272B6-EE4E-403F-A7E5-5B17A0C258BE}.Release|Any CPU.ActiveCfg = Release|Any CPU
		{42B272B6-EE4E-403F-A7E5-5B17A0C258BE}.Release|Any CPU.Build.0 = Release|Any CPU
	EndGlobalSection
	GlobalSection(SolutionProperties) = preSolution
		HideSolutionNode = FALSE
	EndGlobalSection
	GlobalSection(ExtensibilityGlobals) = postSolution
		SolutionGuid = {DA2C4BDE-EF1A-4F41-B29D-911079BC580F}
	EndGlobalSection
EndGlobal
